
Microsoft Visual Studio Solution File, Format Version 12.00
# Visual Studio Version 16
VisualStudioVersion = 16.0.33214.272
MinimumVisualStudioVersion = 10.0.40219.1
Project("{FAE04EC0-301F-11D3-BF4B-00C04F79EFBC}") = "onnx", "onnx.csproj", "{1F163303-4551-4A21-9514-A00546F70E78}"
EndProject
Global
	GlobalSection(SolutionConfigurationPlatforms) = preSolution
		Debug|Any CPU = Debug|Any CPU
		Release|Any CPU = Release|Any CPU
	EndGlobalSection
	GlobalSection(ProjectConfigurationPlatforms) = postSolution
		{1F163303-4551-4A21-9514-A00546F70E78}.Debug|Any CPU.ActiveCfg = Debug|Any CPU
		{1F163303-4551-4A21-9514-A00546F70E78}.Debug|Any CPU.Build.0 = Debug|Any CPU
		{1F163303-4551-4A21-9514-A00546F70E78}.Release|Any CPU.ActiveCfg = Release|Any CPU
		{1F163303-4551-4A21-9514-A00546F70E78}.Release|Any CPU.Build.0 = Release|Any CPU
	EndGlobalSection
	GlobalSection(SolutionProperties) = preSolution
		HideSolutionNode = FALSE
	EndGlobalSection
	GlobalSection(ExtensibilityGlobals) = postSolution
		SolutionGuid = {EFD23640-E8D2-421C-A8F9-62A606CA49EA}
	EndGlobalSection
EndGlobal
